
Microsoft Visual Studio Solution File, Format Version 12.00
# Visual Studio Version 17
VisualStudioVersion = 17.3.32811.315
MinimumVisualStudioVersion = 10.0.40219.1
Project("{FAE04EC0-301F-11D3-BF4B-00C04F79EFBC}") = "EF6SQLiteTutorial", "EF6SQLiteTutorial\EF6SQLiteTutorial.csproj", "{4CA9816E-48E6-4AD5-8BB6-A0923624F317}"
EndProject
Global
	GlobalSection(SolutionConfigurationPlatforms) = preSolution
		Debug|Any CPU = Debug|Any CPU
		Release|Any CPU = Release|Any CPU
	EndGlobalSection
	GlobalSection(ProjectConfigurationPlatforms) = postSolution
		{4CA9816E-48E6-4AD5-8BB6-A0923624F317}.Debug|Any CPU.ActiveCfg = Debug|Any CPU
		{4CA9816E-48E6-4AD5-8BB6-A0923624F317}.Debug|Any CPU.Build.0 = Debug|Any CPU
		{4CA9816E-48E6-4AD5-8BB6-A0923624F317}.Release|Any CPU.ActiveCfg = Release|Any CPU
		{4CA9816E-48E6-4AD5-8BB6-A0923624F317}.Release|Any CPU.Build.0 = Release|Any CPU
	EndGlobalSection
	GlobalSection(SolutionProperties) = preSolution
		HideSolutionNode = FALSE
	EndGlobalSection
	GlobalSection(ExtensibilityGlobals) = postSolution
		SolutionGuid = {5E56EAE6-68A9-4C65-BF85-E28714791807}
	EndGlobalSection
EndGlobal
